
Microsoft Visual Studio Solution File, Format Version 12.00
# Visual Studio Version 16
VisualStudioVersion = 16.0.34031.81
MinimumVisualStudioVersion = 10.0.40219.1
Project("{8BC9CEB8-8B4A-11D0-8D11-00A0C91BC942}") = "PR-07.3", "PR-07.3.vcxproj", "{9DF96A63-735D-411B-B047-AFE2671F8B16}"
EndProject
Project("{8BC9CEB8-8B4A-11D0-8D11-00A0C91BC942}") = "UnitTest07.3", "..\UnitTest07.3\UnitTest07.3.vcxproj", "{D6281713-FFAA-477C-A731-E979375281D5}"
EndProject
Global
	GlobalSection(SolutionConfigurationPlatforms) = preSolution
		Debug|x64 = Debug|x64
		Debug|x86 = Debug|x86
		Release|x64 = Release|x64
		Release|x86 = Release|x86
	EndGlobalSection
	GlobalSection(ProjectConfigurationPlatforms) = postSolution
		{9DF96A63-735D-411B-B047-AFE2671F8B16}.Debug|x64.ActiveCfg = Debug|x64
		{9DF96A63-735D-411B-B047-AFE2671F8B16}.Debug|x64.Build.0 = Debug|x64
		{9DF96A63-735D-411B-B047-AFE2671F8B16}.Debug|x86.ActiveCfg = Debug|Win32
		{9DF96A63-735D-411B-B047-AFE2671F8B16}.Debug|x86.Build.0 = Debug|Win32
		{9DF96A63-735D-411B-B047-AFE2671F8B16}.Release|x64.ActiveCfg = Release|x64
		{9DF96A63-735D-411B-B047-AFE2671F8B16}.Release|x64.Build.0 = Release|x64
		{9DF96A63-735D-411B-B047-AFE2671F8B16}.Release|x86.ActiveCfg = Release|Win32
		{9DF96A63-735D-411B-B047-AFE2671F8B16}.Release|x86.Build.0 = Release|Win32
		{D6281713-FFAA-477C-A731-E979375281D5}.Debug|x64.ActiveCfg = Debug|x64
		{D6281713-FFAA-477C-A731-E979375281D5}.Debug|x64.Build.0 = Debug|x64
		{D6281713-FFAA-477C-A731-E979375281D5}.Debug|x86.ActiveCfg = Debug|Win32
		{D6281713-FFAA-477C-A731-E979375281D5}.Debug|x86.Build.0 = Debug|Win32
		{D6281713-FFAA-477C-A731-E979375281D5}.Release|x64.ActiveCfg = Release|x64
		{D6281713-FFAA-477C-A731-E979375281D5}.Release|x64.Build.0 = Release|x64
		{D6281713-FFAA-477C-A731-E979375281D5}.Release|x86.ActiveCfg = Release|Win32
		{D6281713-FFAA-477C-A731-E979375281D5}.Release|x86.Build.0 = Release|Win32
	EndGlobalSection
	GlobalSection(SolutionProperties) = preSolution
		HideSolutionNode = FALSE
	EndGlobalSection
	GlobalSection(ExtensibilityGlobals) = postSolution
		SolutionGuid = {75B5E7DA-BC75-4825-B517-B2FF046AC955}
	EndGlobalSection
EndGlobal
